
Microsoft Visual Studio Solution File, Format Version 12.00
# Visual Studio 14
VisualStudioVersion = 14.0.25420.1
MinimumVisualStudioVersion = 10.0.40219.1
Project("{FAE04EC0-301F-11D3-BF4B-00C04F79EFBC}") = "MVC", "MVC\MVC.csproj", "{BF1FCDB2-63AE-45AD-9095-3F913E72444A}"
EndProject
Project("{FAE04EC0-301F-11D3-BF4B-00C04F79EFBC}") = "MVC.Tests", "MVC.Tests\MVC.Tests.csproj", "{48CB6E85-E950-4B14-967F-32B62FCC68B8}"
EndProject
Global
	GlobalSection(SolutionConfigurationPlatforms) = preSolution
		Debug|Any CPU = Debug|Any CPU
		Release|Any CPU = Release|Any CPU
	EndGlobalSection
	GlobalSection(ProjectConfigurationPlatforms) = postSolution
		{BF1FCDB2-63AE-45AD-9095-3F913E72444A}.Debug|Any CPU.ActiveCfg = Debug|Any CPU
		{BF1FCDB2-63AE-45AD-9095-3F913E72444A}.Debug|Any CPU.Build.0 = Debug|Any CPU
		{BF1FCDB2-63AE-45AD-9095-3F913E72444A}.Release|Any CPU.ActiveCfg = Release|Any CPU
		{BF1FCDB2-63AE-45AD-9095-3F913E72444A}.Release|Any CPU.Build.0 = Release|Any CPU
		{48CB6E85-E950-4B14-967F-32B62FCC68B8}.Debug|Any CPU.ActiveCfg = Debug|Any CPU
		{48CB6E85-E950-4B14-967F-32B62FCC68B8}.Debug|Any CPU.Build.0 = Debug|Any CPU
		{48CB6E85-E950-4B14-967F-32B62FCC68B8}.Release|Any CPU.ActiveCfg = Release|Any CPU
		{48CB6E85-E950-4B14-967F-32B62FCC68B8}.Release|Any CPU.Build.0 = Release|Any CPU
	EndGlobalSection
	GlobalSection(SolutionProperties) = preSolution
		HideSolutionNode = FALSE
	EndGlobalSection
EndGlobal
